
Microsoft Visual Studio Solution File, Format Version 12.00
# Visual Studio Version 16
VisualStudioVersion = 16.0.30804.86
MinimumVisualStudioVersion = 10.0.40219.1
Project("{888888A0-9F3D-457C-B088-3A5042F75D52}") = "PJ 10 - Tic-Tac-Toe Game Check", "PJ 10 - Tic-Tac-Toe Game Check.pyproj", "{BE9AF4FE-9834-4DDD-AF30-586C3E938F1D}"
EndProject
Global
	GlobalSection(SolutionConfigurationPlatforms) = preSolution
		Debug|Any CPU = Debug|Any CPU
		Release|Any CPU = Release|Any CPU
	EndGlobalSection
	GlobalSection(ProjectConfigurationPlatforms) = postSolution
		{BE9AF4FE-9834-4DDD-AF30-586C3E938F1D}.Debug|Any CPU.ActiveCfg = Debug|Any CPU
		{BE9AF4FE-9834-4DDD-AF30-586C3E938F1D}.Release|Any CPU.ActiveCfg = Release|Any CPU
	EndGlobalSection
	GlobalSection(SolutionProperties) = preSolution
		HideSolutionNode = FALSE
	EndGlobalSection
	GlobalSection(ExtensibilityGlobals) = postSolution
		SolutionGuid = {71B7CDE6-5A92-47CF-93D2-B46E38DD5518}
	EndGlobalSection
EndGlobal
