
Microsoft Visual Studio Solution File, Format Version 12.00
# Visual Studio Version 16
VisualStudioVersion = 16.0.30804.86
MinimumVisualStudioVersion = 10.0.40219.1
Project("{888888A0-9F3D-457C-B088-3A5042F75D52}") = "PJ 7 - Super Calculator", "PJ 7 - Super Calculator.pyproj", "{61E6B839-2AB4-4537-933C-97F2204BB63E}"
EndProject
Global
	GlobalSection(SolutionConfigurationPlatforms) = preSolution
		Debug|Any CPU = Debug|Any CPU
		Release|Any CPU = Release|Any CPU
	EndGlobalSection
	GlobalSection(ProjectConfigurationPlatforms) = postSolution
		{61E6B839-2AB4-4537-933C-97F2204BB63E}.Debug|Any CPU.ActiveCfg = Debug|Any CPU
		{61E6B839-2AB4-4537-933C-97F2204BB63E}.Release|Any CPU.ActiveCfg = Release|Any CPU
	EndGlobalSection
	GlobalSection(SolutionProperties) = preSolution
		HideSolutionNode = FALSE
	EndGlobalSection
	GlobalSection(ExtensibilityGlobals) = postSolution
		SolutionGuid = {EEAF2412-3E51-4B37-B95F-CA87740B0C2C}
	EndGlobalSection
EndGlobal
