
Microsoft Visual Studio Solution File, Format Version 12.00
# Visual Studio Version 16
VisualStudioVersion = 16.0.30804.86
MinimumVisualStudioVersion = 10.0.40219.1
Project("{888888A0-9F3D-457C-B088-3A5042F75D52}") = "PJ 12 - List Sorting and Searching Game", "PJ 12 - List Sorting and Searching Game.pyproj", "{C1524CA2-01AB-4939-95AC-DF59217B2D55}"
EndProject
Global
	GlobalSection(SolutionConfigurationPlatforms) = preSolution
		Debug|Any CPU = Debug|Any CPU
		Release|Any CPU = Release|Any CPU
	EndGlobalSection
	GlobalSection(ProjectConfigurationPlatforms) = postSolution
		{C1524CA2-01AB-4939-95AC-DF59217B2D55}.Debug|Any CPU.ActiveCfg = Debug|Any CPU
		{C1524CA2-01AB-4939-95AC-DF59217B2D55}.Release|Any CPU.ActiveCfg = Release|Any CPU
	EndGlobalSection
	GlobalSection(SolutionProperties) = preSolution
		HideSolutionNode = FALSE
	EndGlobalSection
	GlobalSection(ExtensibilityGlobals) = postSolution
		SolutionGuid = {AFB498EA-2D3F-452C-8DB3-D385C867F4D4}
	EndGlobalSection
EndGlobal
