
Microsoft Visual Studio Solution File, Format Version 12.00
# Visual Studio Version 16
VisualStudioVersion = 16.0.30503.244
MinimumVisualStudioVersion = 10.0.40219.1
Project("{F184B08F-C81C-45F6-A57F-5ABD9991F28F}") = "Burger Specials", "Burger Specials.vbproj", "{7C56D65E-3DAA-45D2-9DA9-7CC56B1B7A03}"
EndProject
Global
	GlobalSection(SolutionConfigurationPlatforms) = preSolution
		Debug|Any CPU = Debug|Any CPU
		Release|Any CPU = Release|Any CPU
	EndGlobalSection
	GlobalSection(ProjectConfigurationPlatforms) = postSolution
		{7C56D65E-3DAA-45D2-9DA9-7CC56B1B7A03}.Debug|Any CPU.ActiveCfg = Debug|Any CPU
		{7C56D65E-3DAA-45D2-9DA9-7CC56B1B7A03}.Debug|Any CPU.Build.0 = Debug|Any CPU
		{7C56D65E-3DAA-45D2-9DA9-7CC56B1B7A03}.Release|Any CPU.ActiveCfg = Release|Any CPU
		{7C56D65E-3DAA-45D2-9DA9-7CC56B1B7A03}.Release|Any CPU.Build.0 = Release|Any CPU
	EndGlobalSection
	GlobalSection(SolutionProperties) = preSolution
		HideSolutionNode = FALSE
	EndGlobalSection
	GlobalSection(ExtensibilityGlobals) = postSolution
		SolutionGuid = {BEB1389A-E3E1-4832-95A1-682BA88F501C}
	EndGlobalSection
EndGlobal
