
Microsoft Visual Studio Solution File, Format Version 12.00
# Visual Studio Version 16
VisualStudioVersion = 16.0.30804.86
MinimumVisualStudioVersion = 10.0.40219.1
Project("{888888A0-9F3D-457C-B088-3A5042F75D52}") = "PJ 4 - Roll Dice Game", "PJ 4 - Roll Dice Game.pyproj", "{21BEE4EB-1286-4B88-A65A-39B8D37132D0}"
EndProject
Global
	GlobalSection(SolutionConfigurationPlatforms) = preSolution
		Debug|Any CPU = Debug|Any CPU
		Release|Any CPU = Release|Any CPU
	EndGlobalSection
	GlobalSection(ProjectConfigurationPlatforms) = postSolution
		{21BEE4EB-1286-4B88-A65A-39B8D37132D0}.Debug|Any CPU.ActiveCfg = Debug|Any CPU
		{21BEE4EB-1286-4B88-A65A-39B8D37132D0}.Release|Any CPU.ActiveCfg = Release|Any CPU
	EndGlobalSection
	GlobalSection(SolutionProperties) = preSolution
		HideSolutionNode = FALSE
	EndGlobalSection
	GlobalSection(ExtensibilityGlobals) = postSolution
		SolutionGuid = {0240B83D-105A-487C-BEC2-5199B441A9B9}
	EndGlobalSection
EndGlobal
